<?xml version="1.0" encoding="utf-8"?>
<Project ToolsVersion="4.0" xmlns="http://schemas.microsoft.com/developer/msbuild/2003">
  <ItemGroup>
    <Filter Include="2 Source">
      <UniqueIdentifier>{4FC737F1-C7A5-4376-A066-2A32D752A2FF}</UniqueIdentifier>
      <Extensions>cpp;c;cc;cxx;def;odl;idl;hpj;bat;asm;asmx</Extensions>
    </Filter>
    <Filter Include="1 Header">
      <UniqueIdentifier>{93995380-89BD-4b04-88EB-625FBE52EBFB}</UniqueIdentifier>
      <Extensions>h;hpp;hxx;hm;inl;inc;xsd</Extensions>
    </Filter>
    <Filter Include="3 Resource">
      <UniqueIdentifier>{67DA6AB6-F800-4c08-8B7A-83BB121AAD01}</UniqueIdentifier>
      <Extensions>rc;ico;cur;bmp;dlg;rc2;rct;bin;rgs;gif;jpg;jpeg;jpe;resx;tiff;tif;png;wav</Extensions>
    </Filter>
  </ItemGroup>
  <ItemGroup>
    <ClCompile Include="AssemblyInfo.cpp">
      <Filter>2 Source</Filter>
    </ClCompile>
    <ClCompile Include="dnhelper.cpp">
      <Filter>2 Source</Filter>
    </ClCompile>
    <ClCompile Include="FileData.cpp">
      <Filter>2 Source</Filter>
    </ClCompile>
    <ClCompile Include="FormMain.cpp">
      <Filter>2 Source</Filter>
    </ClCompile>
    <ClCompile Include="FormMainInitializeComponent.cpp">
      <Filter>2 Source</Filter>
    </ClCompile>
    <ClCompile Include="FormMainWndProc.cpp">
      <Filter>2 Source</Filter>
    </ClCompile>
    <ClCompile Include="helper.cpp">
      <Filter>2 Source</Filter>
    </ClCompile>
    <ClCompile Include="sff.cpp">
      <Filter>2 Source</Filter>
    </ClCompile>
    <ClCompile Include="stdafx.cpp">
      <Filter>2 Source</Filter>
    </ClCompile>
    <ClCompile Include="thread.cpp">
      <Filter>2 Source</Filter>
    </ClCompile>
    <ClCompile Include="work.cpp">
      <Filter>2 Source</Filter>
    </ClCompile>
    <ClCompile Include="..\..\lsMisc\browseFolder.cpp">
      <Filter>2 Source</Filter>
    </ClCompile>
    <ClCompile Include="..\..\lsMisc\GetLastErrorString.cpp">
      <Filter>2 Source</Filter>
    </ClCompile>
    <ClCompile Include="..\..\lsMisc\getStdString.net.cpp">
      <Filter>2 Source</Filter>
    </ClCompile>
    <ClCompile Include="..\..\lsMisc\CommandLineParser.cpp">
      <Filter>2 Source</Filter>
    </ClCompile>
    <ClCompile Include="..\..\lsMisc\UrlEncode.cpp">
      <Filter>2 Source</Filter>
    </ClCompile>
    <ClCompile Include="..\..\lsMisc\UTF16toUTF8.cpp">
      <Filter>2 Source</Filter>
    </ClCompile>
    <ClCompile Include="FormError.cpp">
      <Filter>2 Source</Filter>
    </ClCompile>
  </ItemGroup>
  <ItemGroup>
    <ClInclude Include="dnhelper.h">
      <Filter>1 Header</Filter>
    </ClInclude>
    <ClInclude Include="FileData.h">
      <Filter>1 Header</Filter>
    </ClInclude>
    <ClInclude Include="FormError.h">
      <Filter>1 Header</Filter>
    </ClInclude>
    <ClInclude Include="FormMain.h">
      <Filter>1 Header</Filter>
    </ClInclude>
    <ClInclude Include="helper.h">
      <Filter>1 Header</Filter>
    </ClInclude>
    <ClInclude Include="OptListView.h">
      <Filter>1 Header</Filter>
    </ClInclude>
    <ClInclude Include="resource.h">
      <Filter>1 Header</Filter>
    </ClInclude>
    <ClInclude Include="stdafx.h">
      <Filter>1 Header</Filter>
    </ClInclude>
    <ClInclude Include="thread.h">
      <Filter>1 Header</Filter>
    </ClInclude>
    <ClInclude Include="work.h">
      <Filter>1 Header</Filter>
    </ClInclude>
    <ClInclude Include="..\..\lsMisc\browseFolder.h">
      <Filter>1 Header</Filter>
    </ClInclude>
    <ClInclude Include="..\..\lsMisc\GetLastErrorString.h">
      <Filter>1 Header</Filter>
    </ClInclude>
    <ClInclude Include="..\..\lsMisc\getStdString.net.h">
      <Filter>1 Header</Filter>
    </ClInclude>
    <ClInclude Include="..\..\lsMisc\CommandLineParser.h">
      <Filter>1 Header</Filter>
    </ClInclude>
    <ClInclude Include="..\..\lsMisc\UrlEncode.h">
      <Filter>1 Header</Filter>
    </ClInclude>
    <ClInclude Include="..\..\lsMisc\UTF16toUTF8.h">
      <Filter>1 Header</Filter>
    </ClInclude>
  </ItemGroup>
  <ItemGroup>
    <None Include="app.ico">
      <Filter>3 Resource</Filter>
    </None>
    <None Include="ReadMe.txt" />
  </ItemGroup>
  <ItemGroup>
    <ResourceCompile Include="app.rc">
      <Filter>3 Resource</Filter>
    </ResourceCompile>
  </ItemGroup>
  <ItemGroup>
    <EmbeddedResource Include="FormError.resx">
      <Filter>3 Resource</Filter>
    </EmbeddedResource>
    <EmbeddedResource Include="FormMain.resX">
      <Filter>3 Resource</Filter>
    </EmbeddedResource>
  </ItemGroup>
</Project>